
Microsoft Visual Studio Solution File, Format Version 12.00
# Visual Studio Version 17
VisualStudioVersion = 17.9.34607.119
MinimumVisualStudioVersion = 10.0.40219.1
Project("{9A19103F-16F7-4668-BE54-9A1E7A4F7556}") = "EnvironmentMCPGateway", "EnvironmentMCPGateway\EnvironmentMCPGateway.proj", "{E8F5A7B2-4C3D-4F6E-9A8B-2D5C8E7F9A1B}"
EndProject
Project("{FAE04EC0-301F-11D3-BF4B-00C04F79EFBC}") = "EnvironmentMCPGateway.Tests", "EnvironmentMCPGateway.Tests\EnvironmentMCPGateway.Tests.csproj", "{EFF2E62F-E0F3-4306-80FC-9EB221ECD4C5}"
EndProject
Project("{2150E333-8FDC-42A3-9474-1A3956D46DE8}") = "Solution Items", "Solution Items", "{A1B2C3D4-E5F6-7890-ABCD-EF1234567890}"
	ProjectSection(SolutionItems) = preProject
		.gitignore = .gitignore
		docker-compose.yml = docker-compose.yml
		README.md = README.md
	EndProjectSection
EndProject
Project("{FAE04EC0-301F-11D3-BF4B-00C04F79EFBC}") = "Documentation", "Documentation\Documentation.csproj", "{5F0C531E-0E36-4EE5-9530-FA1E43D95C1C}"
EndProject
Global
	GlobalSection(SolutionConfigurationPlatforms) = preSolution
		Debug|Any CPU = Debug|Any CPU
		Debug|x64 = Debug|x64
		Debug|x86 = Debug|x86
		Release|Any CPU = Release|Any CPU
		Release|x64 = Release|x64
		Release|x86 = Release|x86
	EndGlobalSection
	GlobalSection(ProjectConfigurationPlatforms) = postSolution
		{E8F5A7B2-4C3D-4F6E-9A8B-2D5C8E7F9A1B}.Debug|Any CPU.ActiveCfg = Debug|Any CPU
		{E8F5A7B2-4C3D-4F6E-9A8B-2D5C8E7F9A1B}.Debug|Any CPU.Build.0 = Debug|Any CPU
		{E8F5A7B2-4C3D-4F6E-9A8B-2D5C8E7F9A1B}.Debug|x64.ActiveCfg = Debug|Any CPU
		{E8F5A7B2-4C3D-4F6E-9A8B-2D5C8E7F9A1B}.Debug|x64.Build.0 = Debug|Any CPU
		{E8F5A7B2-4C3D-4F6E-9A8B-2D5C8E7F9A1B}.Debug|x86.ActiveCfg = Debug|Any CPU
		{E8F5A7B2-4C3D-4F6E-9A8B-2D5C8E7F9A1B}.Debug|x86.Build.0 = Debug|Any CPU
		{E8F5A7B2-4C3D-4F6E-9A8B-2D5C8E7F9A1B}.Release|Any CPU.ActiveCfg = Release|Any CPU
		{E8F5A7B2-4C3D-4F6E-9A8B-2D5C8E7F9A1B}.Release|Any CPU.Build.0 = Release|Any CPU
		{E8F5A7B2-4C3D-4F6E-9A8B-2D5C8E7F9A1B}.Release|x64.ActiveCfg = Release|Any CPU
		{E8F5A7B2-4C3D-4F6E-9A8B-2D5C8E7F9A1B}.Release|x64.Build.0 = Release|Any CPU
		{E8F5A7B2-4C3D-4F6E-9A8B-2D5C8E7F9A1B}.Release|x86.ActiveCfg = Release|Any CPU
		{E8F5A7B2-4C3D-4F6E-9A8B-2D5C8E7F9A1B}.Release|x86.Build.0 = Release|Any CPU
		{EFF2E62F-E0F3-4306-80FC-9EB221ECD4C5}.Debug|Any CPU.ActiveCfg = Debug|Any CPU
		{EFF2E62F-E0F3-4306-80FC-9EB221ECD4C5}.Debug|Any CPU.Build.0 = Debug|Any CPU
		{EFF2E62F-E0F3-4306-80FC-9EB221ECD4C5}.Debug|x64.ActiveCfg = Debug|Any CPU
		{EFF2E62F-E0F3-4306-80FC-9EB221ECD4C5}.Debug|x64.Build.0 = Debug|Any CPU
		{EFF2E62F-E0F3-4306-80FC-9EB221ECD4C5}.Debug|x86.ActiveCfg = Debug|Any CPU
		{EFF2E62F-E0F3-4306-80FC-9EB221ECD4C5}.Debug|x86.Build.0 = Debug|Any CPU
		{EFF2E62F-E0F3-4306-80FC-9EB221ECD4C5}.Release|Any CPU.ActiveCfg = Release|Any CPU
		{EFF2E62F-E0F3-4306-80FC-9EB221ECD4C5}.Release|Any CPU.Build.0 = Release|Any CPU
		{EFF2E62F-E0F3-4306-80FC-9EB221ECD4C5}.Release|x64.ActiveCfg = Release|Any CPU
		{EFF2E62F-E0F3-4306-80FC-9EB221ECD4C5}.Release|x64.Build.0 = Release|Any CPU
		{EFF2E62F-E0F3-4306-80FC-9EB221ECD4C5}.Release|x86.ActiveCfg = Release|Any CPU
		{EFF2E62F-E0F3-4306-80FC-9EB221ECD4C5}.Release|x86.Build.0 = Release|Any CPU
		{5F0C531E-0E36-4EE5-9530-FA1E43D95C1C}.Debug|Any CPU.ActiveCfg = Debug|Any CPU
		{5F0C531E-0E36-4EE5-9530-FA1E43D95C1C}.Debug|Any CPU.Build.0 = Debug|Any CPU
		{5F0C531E-0E36-4EE5-9530-FA1E43D95C1C}.Debug|x64.ActiveCfg = Debug|Any CPU
		{5F0C531E-0E36-4EE5-9530-FA1E43D95C1C}.Debug|x64.Build.0 = Debug|Any CPU
		{5F0C531E-0E36-4EE5-9530-FA1E43D95C1C}.Debug|x86.ActiveCfg = Debug|Any CPU
		{5F0C531E-0E36-4EE5-9530-FA1E43D95C1C}.Debug|x86.Build.0 = Debug|Any CPU
		{5F0C531E-0E36-4EE5-9530-FA1E43D95C1C}.Release|Any CPU.ActiveCfg = Release|Any CPU
		{5F0C531E-0E36-4EE5-9530-FA1E43D95C1C}.Release|Any CPU.Build.0 = Release|Any CPU
		{5F0C531E-0E36-4EE5-9530-FA1E43D95C1C}.Release|x64.ActiveCfg = Release|Any CPU
		{5F0C531E-0E36-4EE5-9530-FA1E43D95C1C}.Release|x64.Build.0 = Release|Any CPU
		{5F0C531E-0E36-4EE5-9530-FA1E43D95C1C}.Release|x86.ActiveCfg = Release|Any CPU
		{5F0C531E-0E36-4EE5-9530-FA1E43D95C1C}.Release|x86.Build.0 = Release|Any CPU
	EndGlobalSection
	GlobalSection(SolutionProperties) = preSolution
		HideSolutionNode = FALSE
	EndGlobalSection
	GlobalSection(ExtensibilityGlobals) = postSolution
		SolutionGuid = {2E8D4A96-7B5C-4F3E-A9D2-1C8F6B2E9A4D}
	EndGlobalSection
EndGlobal
